
Microsoft Visual Studio Solution File, Format Version 12.00
# Visual Studio Version 17
VisualStudioVersion = 17.9.34616.47
MinimumVisualStudioVersion = 10.0.40219.1
Project("{FAE04EC0-301F-11D3-BF4B-00C04F79EFBC}") = "AdoptPet", "AdoptPet.csproj", "{770AEB28-8FFE-4762-B89B-1463E9768235}"
EndProject
Global
	GlobalSection(SolutionConfigurationPlatforms) = preSolution
		Debug|Any CPU = Debug|Any CPU
		Release|Any CPU = Release|Any CPU
	EndGlobalSection
	GlobalSection(ProjectConfigurationPlatforms) = postSolution
		{770AEB28-8FFE-4762-B89B-1463E9768235}.Debug|Any CPU.ActiveCfg = Debug|Any CPU
		{770AEB28-8FFE-4762-B89B-1463E9768235}.Debug|Any CPU.Build.0 = Debug|Any CPU
		{770AEB28-8FFE-4762-B89B-1463E9768235}.Release|Any CPU.ActiveCfg = Release|Any CPU
		{770AEB28-8FFE-4762-B89B-1463E9768235}.Release|Any CPU.Build.0 = Release|Any CPU
	EndGlobalSection
	GlobalSection(SolutionProperties) = preSolution
		HideSolutionNode = FALSE
	EndGlobalSection
	GlobalSection(ExtensibilityGlobals) = postSolution
		SolutionGuid = {FA40C608-5174-4EF6-92D6-69E6453AB0B1}
	EndGlobalSection
EndGlobal
